
Microsoft Visual Studio Solution File, Format Version 12.00
# Visual Studio Version 16
VisualStudioVersion = 16.0.30413.136
MinimumVisualStudioVersion = 10.0.40219.1
Project("{FAE04EC0-301F-11D3-BF4B-00C04F79EFBC}") = "GonzalezJoseBiblioClases", "GonzalezJoseBiblioClases\GonzalezJoseBiblioClases.csproj", "{39F12117-57DB-4F5C-A097-C8C1D3388969}"
EndProject
Project("{FAE04EC0-301F-11D3-BF4B-00C04F79EFBC}") = "GonzalezJoseFormKwikEMart", "GonzalezJoseFormKwikEMart\GonzalezJoseFormKwikEMart.csproj", "{00761EC2-4BD9-4936-9B03-E55971F49D60}"
EndProject
Global
	GlobalSection(SolutionConfigurationPlatforms) = preSolution
		Debug|Any CPU = Debug|Any CPU
		Release|Any CPU = Release|Any CPU
	EndGlobalSection
	GlobalSection(ProjectConfigurationPlatforms) = postSolution
		{39F12117-57DB-4F5C-A097-C8C1D3388969}.Debug|Any CPU.ActiveCfg = Debug|Any CPU
		{39F12117-57DB-4F5C-A097-C8C1D3388969}.Debug|Any CPU.Build.0 = Debug|Any CPU
		{39F12117-57DB-4F5C-A097-C8C1D3388969}.Release|Any CPU.ActiveCfg = Release|Any CPU
		{39F12117-57DB-4F5C-A097-C8C1D3388969}.Release|Any CPU.Build.0 = Release|Any CPU
		{00761EC2-4BD9-4936-9B03-E55971F49D60}.Debug|Any CPU.ActiveCfg = Debug|Any CPU
		{00761EC2-4BD9-4936-9B03-E55971F49D60}.Debug|Any CPU.Build.0 = Debug|Any CPU
		{00761EC2-4BD9-4936-9B03-E55971F49D60}.Release|Any CPU.ActiveCfg = Release|Any CPU
		{00761EC2-4BD9-4936-9B03-E55971F49D60}.Release|Any CPU.Build.0 = Release|Any CPU
	EndGlobalSection
	GlobalSection(SolutionProperties) = preSolution
		HideSolutionNode = FALSE
	EndGlobalSection
	GlobalSection(ExtensibilityGlobals) = postSolution
		SolutionGuid = {D31B1D70-F0E1-4A64-9DB0-618FADF131B9}
	EndGlobalSection
EndGlobal
